// !$*UTF8*$!
{
	archiveVersion = 1;
	classes = {
	};
	objectVersion = 50;
	objects = {

/* Begin PBXBuildFile section */
		E98BBE6926F0059E00A5B640 /* AppDelegate.swift in Sources */ = {isa = PBXBuildFile; fileRef = E98BBE6826F0059E00A5B640 /* AppDelegate.swift */; };
		E98BBE6B26F0059E00A5B640 /* SceneDelegate.swift in Sources */ = {isa = PBXBuildFile; fileRef = E98BBE6A26F0059E00A5B640 /* SceneDelegate.swift */; };
		E98BBE6D26F0059E00A5B640 /* ContentView.swift in Sources */ = {isa = PBXBuildFile; fileRef = E98BBE6C26F0059E00A5B640 /* ContentView.swift */; };
		E98BBE6F26F005A000A5B640 /* Assets.xcassets in Resources */ = {isa = PBXBuildFile; fileRef = E98BBE6E26F005A000A5B640 /* Assets.xcassets */; };
		E98BBE7226F005A000A5B640 /* Preview Assets.xcassets in Resources */ = {isa = PBXBuildFile; fileRef = E98BBE7126F005A000A5B640 /* Preview Assets.xcassets */; };
		E98BBE7526F005A000A5B640 /* LaunchScreen.storyboard in Resources */ = {isa = PBXBuildFile; fileRef = E98BBE7326F005A000A5B640 /* LaunchScreen.storyboard */; };
		E98BBE8026F005A100A5B640 /* PokedexTests.swift in Sources */ = {isa = PBXBuildFile; fileRef = E98BBE7F26F005A100A5B640 /* PokedexTests.swift */; };
		E98BBE8B26F005A100A5B640 /* PokedexUITests.swift in Sources */ = {isa = PBXBuildFile; fileRef = E98BBE8A26F005A100A5B640 /* PokedexUITests.swift */; };
/* End PBXBuildFile section */

/* Begin PBXContainerItemProxy section */
		E98BBE7C26F005A100A5B640 /* PBXContainerItemProxy */ = {
			isa = PBXContainerItemProxy;
			containerPortal = E98BBE5D26F0059E00A5B640 /* Project object */;
			proxyType = 1;
			remoteGlobalIDString = E98BBE6426F0059E00A5B640;
			remoteInfo = Pokedex;
		};
		E98BBE8726F005A100A5B640 /* PBXContainerItemProxy */ = {
			isa = PBXContainerItemProxy;
			containerPortal = E98BBE5D26F0059E00A5B640 /* Project object */;
			proxyType = 1;
			remoteGlobalIDString = E98BBE6426F0059E00A5B640;
			remoteInfo = Pokedex;
		};
/* End PBXContainerItemProxy section */

/* Begin PBXFileReference section */
		E98BBE6526F0059E00A5B640 /* Pokedex.app */ = {isa = PBXFileReference; explicitFileType = wrapper.application; includeInIndex = 0; path = Pokedex.app; sourceTree = BUILT_PRODUCTS_DIR; };
		E98BBE6826F0059E00A5B640 /* AppDelegate.swift */ = {isa = PBXFileReference; lastKnownFileType = sourcecode.swift; path = AppDelegate.swift; sourceTree = "<group>"; };
		E98BBE6A26F0059E00A5B640 /* SceneDelegate.swift */ = {isa = PBXFileReference; lastKnownFileType = sourcecode.swift; path = SceneDelegate.swift; sourceTree = "<group>"; };
		E98BBE6C26F0059E00A5B640 /* ContentView.swift */ = {isa = PBXFileReference; lastKnownFileType = sourcecode.swift; path = ContentView.swift; sourceTree = "<group>"; };
		E98BBE6E26F005A000A5B640 /* Assets.xcassets */ = {isa = PBXFileReference; lastKnownFileType = folder.assetcatalog; path = Assets.xcassets; sourceTree = "<group>"; };
		E98BBE7126F005A000A5B640 /* Preview Assets.xcassets */ = {isa = PBXFileReference; lastKnownFileType = folder.assetcatalog; path = "Preview Assets.xcassets"; sourceTree = "<group>"; };
		E98BBE7426F005A000A5B640 /* Base */ = {isa = PBXFileReference; lastKnownFileType = file.storyboard; name = Base; path = Base.lproj/LaunchScreen.storyboard; sourceTree = "<group>"; };
		E98BBE7626F005A000A5B640 /* Info.plist */ = {isa = PBXFileReference; lastKnownFileType = text.plist.xml; path = Info.plist; sourceTree = "<group>"; };
		E98BBE7B26F005A100A5B640 /* PokedexTests.xctest */ = {isa = PBXFileReference; explicitFileType = wrapper.cfbundle; includeInIndex = 0; path = PokedexTests.xctest; sourceTree = BUILT_PRODUCTS_DIR; };
		E98BBE7F26F005A100A5B640 /* PokedexTests.swift */ = {isa = PBXFileReference; lastKnownFileType = sourcecode.swift; path = PokedexTests.swift; sourceTree = "<group>"; };
		E98BBE8126F005A100A5B640 /* Info.plist */ = {isa = PBXFileReference; lastKnownFileType = text.plist.xml; path = Info.plist; sourceTree = "<group>"; };
		E98BBE8626F005A100A5B640 /* PokedexUITests.xctest */ = {isa = PBXFileReference; explicitFileType = wrapper.cfbundle; includeInIndex = 0; path = PokedexUITests.xctest; sourceTree = BUILT_PRODUCTS_DIR; };
		E98BBE8A26F005A100A5B640 /* PokedexUITests.swift */ = {isa = PBXFileReference; lastKnownFileType = sourcecode.swift; path = PokedexUITests.swift; sourceTree = "<group>"; };
		E98BBE8C26F005A100A5B640 /* Info.plist */ = {isa = PBXFileReference; lastKnownFileType = text.plist.xml; path = Info.plist; sourceTree = "<group>"; };
/* End PBXFileReference section */

/* Begin PBXFrameworksBuildPhase section */
		E98BBE6226F0059E00A5B640 /* Frameworks */ = {
			isa = PBXFrameworksBuildPhase;
			buildActionMask = 2147483647;
			files = (
			);
			runOnlyForDeploymentPostprocessing = 0;
		};
		E98BBE7826F005A100A5B640 /* Frameworks */ = {
			isa = PBXFrameworksBuildPhase;
			buildActionMask = 2147483647;
			files = (
			);
			runOnlyForDeploymentPostprocessing = 0;
		};
		E98BBE8326F005A100A5B640 /* Frameworks */ = {
			isa = PBXFrameworksBuildPhase;
			buildActionMask = 2147483647;
			files = (
			);
			runOnlyForDeploymentPostprocessing = 0;
		};
/* End PBXFrameworksBuildPhase section */

/* Begin PBXGroup section */
		E98BBE5C26F0059E00A5B640 = {
			isa = PBXGroup;
			children = (
				E98BBE6726F0059E00A5B640 /* Pokedex */,
				E98BBE7E26F005A100A5B640 /* PokedexTests */,
				E98BBE8926F005A100A5B640 /* PokedexUITests */,
				E98BBE6626F0059E00A5B640 /* Products */,
			);
			sourceTree = "<group>";
		};
		E98BBE6626F0059E00A5B640 /* Products */ = {
			isa = PBXGroup;
			children = (
				E98BBE6526F0059E00A5B640 /* Pokedex.app */,
				E98BBE7B26F005A100A5B640 /* PokedexTests.xctest */,
				E98BBE8626F005A100A5B640 /* PokedexUITests.xctest */,
			);
			name = Products;
			sourceTree = "<group>";
		};
		E98BBE6726F0059E00A5B640 /* Pokedex */ = {
			isa = PBXGroup;
			children = (
				E98BBE6826F0059E00A5B640 /* AppDelegate.swift */,
				E98BBE6A26F0059E00A5B640 /* SceneDelegate.swift */,
				E98BBE6C26F0059E00A5B640 /* ContentView.swift */,
				E98BBE6E26F005A000A5B640 /* Assets.xcassets */,
				E98BBE7326F005A000A5B640 /* LaunchScreen.storyboard */,
				E98BBE7626F005A000A5B640 /* Info.plist */,
				E98BBE7026F005A000A5B640 /* Preview Content */,
			);
			path = Pokedex;
			sourceTree = "<group>";
		};
		E98BBE7026F005A000A5B640 /* Preview Content */ = {
			isa = PBXGroup;
			children = (
				E98BBE7126F005A000A5B640 /* Preview Assets.xcassets */,
			);
			path = "Preview Content";
			sourceTree = "<group>";
		};
		E98BBE7E26F005A100A5B640 /* PokedexTests */ = {
			isa = PBXGroup;
			children = (
				E98BBE7F26F005A100A5B640 /* PokedexTests.swift */,
				E98BBE8126F005A100A5B640 /* Info.plist */,
			);
			path = PokedexTests;
			sourceTree = "<group>";
		};
		E98BBE8926F005A100A5B640 /* PokedexUITests */ = {
			isa = PBXGroup;
			children = (
				E98BBE8A26F005A100A5B640 /* PokedexUITests.swift */,
				E98BBE8C26F005A100A5B640 /* Info.plist */,
			);
			path = PokedexUITests;
			sourceTree = "<group>";
		};
/* End PBXGroup section */

/* Begin PBXNativeTarget section */
		E98BBE6426F0059E00A5B640 /* Pokedex */ = {
			isa = PBXNativeTarget;
			buildConfigurationList = E98BBE8F26F005A100A5B640 /* Build configuration list for PBXNativeTarget "Pokedex" */;
			buildPhases = (
				E98BBE6126F0059E00A5B640 /* Sources */,
				E98BBE6226F0059E00A5B640 /* Frameworks */,
				E98BBE6326F0059E00A5B640 /* Resources */,
			);
			buildRules = (
			);
			dependencies = (
			);
			name = Pokedex;
			productName = Pokedex;
			productReference = E98BBE6526F0059E00A5B640 /* Pokedex.app */;
			productType = "com.apple.product-type.application";
		};
		E98BBE7A26F005A100A5B640 /* PokedexTests */ = {
			isa = PBXNativeTarget;
			buildConfigurationList = E98BBE9226F005A100A5B640 /* Build configuration list for PBXNativeTarget "PokedexTests" */;
			buildPhases = (
				E98BBE7726F005A100A5B640 /* Sources */,
				E98BBE7826F005A100A5B640 /* Frameworks */,
				E98BBE7926F005A100A5B640 /* Resources */,
			);
			buildRules = (
			);
			dependencies = (
				E98BBE7D26F005A100A5B640 /* PBXTargetDependency */,
			);
			name = PokedexTests;
			productName = PokedexTests;
			productReference = E98BBE7B26F005A100A5B640 /* PokedexTests.xctest */;
			productType = "com.apple.product-type.bundle.unit-test";
		};
		E98BBE8526F005A100A5B640 /* PokedexUITests */ = {
			isa = PBXNativeTarget;
			buildConfigurationList = E98BBE9526F005A100A5B640 /* Build configuration list for PBXNativeTarget "PokedexUITests" */;
			buildPhases = (
				E98BBE8226F005A100A5B640 /* Sources */,
				E98BBE8326F005A100A5B640 /* Frameworks */,
				E98BBE8426F005A100A5B640 /* Resources */,
			);
			buildRules = (
			);
			dependencies = (
				E98BBE8826F005A100A5B640 /* PBXTargetDependency */,
			);
			name = PokedexUITests;
			productName = PokedexUITests;
			productReference = E98BBE8626F005A100A5B640 /* PokedexUITests.xctest */;
			productType = "com.apple.product-type.bundle.ui-testing";
		};
/* End PBXNativeTarget section */

/* Begin PBXProject section */
		E98BBE5D26F0059E00A5B640 /* Project object */ = {
			isa = PBXProject;
			attributes = {
				LastSwiftUpdateCheck = 1250;
				LastUpgradeCheck = 1250;
				TargetAttributes = {
					E98BBE6426F0059E00A5B640 = {
						CreatedOnToolsVersion = 12.5.1;
					};
					E98BBE7A26F005A100A5B640 = {
						CreatedOnToolsVersion = 12.5.1;
						TestTargetID = E98BBE6426F0059E00A5B640;
					};
					E98BBE8526F005A100A5B640 = {
						CreatedOnToolsVersion = 12.5.1;
						TestTargetID = E98BBE6426F0059E00A5B640;
					};
				};
			};
			buildConfigurationList = E98BBE6026F0059E00A5B640 /* Build configuration list for PBXProject "Pokedex" */;
			compatibilityVersion = "Xcode 9.3";
			developmentRegion = en;
			hasScannedForEncodings = 0;
			knownRegions = (
				en,
				Base,
			);
			mainGroup = E98BBE5C26F0059E00A5B640;
			productRefGroup = E98BBE6626F0059E00A5B640 /* Products */;
			projectDirPath = "";
			projectRoot = "";
			targets = (
				E98BBE6426F0059E00A5B640 /* Pokedex */,
				E98BBE7A26F005A100A5B640 /* PokedexTests */,
				E98BBE8526F005A100A5B640 /* PokedexUITests */,
			);
		};
/* End PBXProject section */

/* Begin PBXResourcesBuildPhase section */
		E98BBE6326F0059E00A5B640 /* Resources */ = {
			isa = PBXResourcesBuildPhase;
			buildActionMask = 2147483647;
			files = (
				E98BBE7526F005A000A5B640 /* LaunchScreen.storyboard in Resources */,
				E98BBE7226F005A000A5B640 /* Preview Assets.xcassets in Resources */,
				E98BBE6F26F005A000A5B640 /* Assets.xcassets in Resources */,
			);
			runOnlyForDeploymentPostprocessing = 0;
		};
		E98BBE7926F005A100A5B640 /* Resources */ = {
			isa = PBXResourcesBuildPhase;
			buildActionMask = 2147483647;
			files = (
			);
			runOnlyForDeploymentPostprocessing = 0;
		};
		E98BBE8426F005A100A5B640 /* Resources */ = {
			isa = PBXResourcesBuildPhase;
			buildActionMask = 2147483647;
			files = (
			);
			runOnlyForDeploymentPostprocessing = 0;
		};
/* End PBXResourcesBuildPhase section */

/* Begin PBXSourcesBuildPhase section */
		E98BBE6126F0059E00A5B640 /* Sources */ = {
			isa = PBXSourcesBuildPhase;
			buildActionMask = 2147483647;
			files = (
				E98BBE6926F0059E00A5B640 /* AppDelegate.swift in Sources */,
				E98BBE6B26F0059E00A5B640 /* SceneDelegate.swift in Sources */,
				E98BBE6D26F0059E00A5B640 /* ContentView.swift in Sources */,
			);
			runOnlyForDeploymentPostprocessing = 0;
		};
		E98BBE7726F005A100A5B640 /* Sources */ = {
			isa = PBXSourcesBuildPhase;
			buildActionMask = 2147483647;
			files = (
				E98BBE8026F005A100A5B640 /* PokedexTests.swift in Sources */,
			);
			runOnlyForDeploymentPostprocessing = 0;
		};
		E98BBE8226F005A100A5B640 /* Sources */ = {
			isa = PBXSourcesBuildPhase;
			buildActionMask = 2147483647;
			files = (
				E98BBE8B26F005A100A5B640 /* PokedexUITests.swift in Sources */,
			);
			runOnlyForDeploymentPostprocessing = 0;
		};
/* End PBXSourcesBuildPhase section */

/* Begin PBXTargetDependency section */
		E98BBE7D26F005A100A5B640 /* PBXTargetDependency */ = {
			isa = PBXTargetDependency;
			target = E98BBE6426F0059E00A5B640 /* Pokedex */;
			targetProxy = E98BBE7C26F005A100A5B640 /* PBXContainerItemProxy */;
		};
		E98BBE8826F005A100A5B640 /* PBXTargetDependency */ = {
			isa = PBXTargetDependency;
			target = E98BBE6426F0059E00A5B640 /* Pokedex */;
			targetProxy = E98BBE8726F005A100A5B640 /* PBXContainerItemProxy */;
		};
/* End PBXTargetDependency section */

/* Begin PBXVariantGroup section */
		E98BBE7326F005A000A5B640 /* LaunchScreen.storyboard */ = {
			isa = PBXVariantGroup;
			children = (
				E98BBE7426F005A000A5B640 /* Base */,
			);
			name = LaunchScreen.storyboard;
			sourceTree = "<group>";
		};
/* End PBXVariantGroup section */

/* Begin XCBuildConfiguration section */
		E98BBE8D26F005A100A5B640 /* Debug */ = {
			isa = XCBuildConfiguration;
			buildSettings = {
				ALWAYS_SEARCH_USER_PATHS = NO;
				CLANG_ANALYZER_NONNULL = YES;
				CLANG_ANALYZER_NUMBER_OBJECT_CONVERSION = YES_AGGRESSIVE;
				CLANG_CXX_LANGUAGE_STANDARD = "gnu++14";
				CLANG_CXX_LIBRARY = "libc++";
				CLANG_ENABLE_MODULES = YES;
				CLANG_ENABLE_OBJC_ARC = YES;
				CLANG_ENABLE_OBJC_WEAK = YES;
				CLANG_WARN_BLOCK_CAPTURE_AUTORELEASING = YES;
				CLANG_WARN_BOOL_CONVERSION = YES;
				CLANG_WARN_COMMA = YES;
				CLANG_WARN_CONSTANT_CONVERSION = YES;
				CLANG_WARN_DEPRECATED_OBJC_IMPLEMENTATIONS = YES;
				CLANG_WARN_DIRECT_OBJC_ISA_USAGE = YES_ERROR;
				CLANG_WARN_DOCUMENTATION_COMMENTS = YES;
				CLANG_WARN_EMPTY_BODY = YES;
				CLANG_WARN_ENUM_CONVERSION = YES;
				CLANG_WARN_INFINITE_RECURSION = YES;
				CLANG_WARN_INT_CONVERSION = YES;
				CLANG_WARN_NON_LITERAL_NULL_CONVERSION = YES;
				CLANG_WARN_OBJC_IMPLICIT_RETAIN_SELF = YES;
				CLANG_WARN_OBJC_LITERAL_CONVERSION = YES;
				CLANG_WARN_OBJC_ROOT_CLASS = YES_ERROR;
				CLANG_WARN_QUOTED_INCLUDE_IN_FRAMEWORK_HEADER = YES;
				CLANG_WARN_RANGE_LOOP_ANALYSIS = YES;
				CLANG_WARN_STRICT_PROTOTYPES = YES;
				CLANG_WARN_SUSPICIOUS_MOVE = YES;
				CLANG_WARN_UNGUARDED_AVAILABILITY = YES_AGGRESSIVE;
				CLANG_WARN_UNREACHABLE_CODE = YES;
				CLANG_WARN__DUPLICATE_METHOD_MATCH = YES;
				COPY_PHASE_STRIP = NO;
				DEBUG_INFORMATION_FORMAT = dwarf;
				ENABLE_STRICT_OBJC_MSGSEND = YES;
				ENABLE_TESTABILITY = YES;
				GCC_C_LANGUAGE_STANDARD = gnu11;
				GCC_DYNAMIC_NO_PIC = NO;
				GCC_NO_COMMON_BLOCKS = YES;
				GCC_OPTIMIZATION_LEVEL = 0;
				GCC_PREPROCESSOR_DEFINITIONS = (
					"DEBUG=1",
					"$(inherited)",
				);
				GCC_WARN_64_TO_32_BIT_CONVERSION = YES;
				GCC_WARN_ABOUT_RETURN_TYPE = YES_ERROR;
				GCC_WARN_UNDECLARED_SELECTOR = YES;
				GCC_WARN_UNINITIALIZED_AUTOS = YES_AGGRESSIVE;
				GCC_WARN_UNUSED_FUNCTION = YES;
				GCC_WARN_UNUSED_VARIABLE = YES;
				IPHONEOS_DEPLOYMENT_TARGET = 14.5;
				MTL_ENABLE_DEBUG_INFO = INCLUDE_SOURCE;
				MTL_FAST_MATH = YES;
				ONLY_ACTIVE_ARCH = YES;
				SDKROOT = iphoneos;
				SWIFT_ACTIVE_COMPILATION_CONDITIONS = DEBUG;
				SWIFT_OPTIMIZATION_LEVEL = "-Onone";
			};
			name = Debug;
		};
		E98BBE8E26F005A100A5B640 /* Release */ = {
			isa = XCBuildConfiguration;
			buildSettings = {
				ALWAYS_SEARCH_USER_PATHS = NO;
				CLANG_ANALYZER_NONNULL = YES;
				CLANG_ANALYZER_NUMBER_OBJECT_CONVERSION = YES_AGGRESSIVE;
				CLANG_CXX_LANGUAGE_STANDARD = "gnu++14";
				CLANG_CXX_LIBRARY = "libc++";
				CLANG_ENABLE_MODULES = YES;
				CLANG_ENABLE_OBJC_ARC = YES;
				CLANG_ENABLE_OBJC_WEAK = YES;
				CLANG_WARN_BLOCK_CAPTURE_AUTORELEASING = YES;
				CLANG_WARN_BOOL_CONVERSION = YES;
				CLANG_WARN_COMMA = YES;
				CLANG_WARN_CONSTANT_CONVERSION = YES;
				CLANG_WARN_DEPRECATED_OBJC_IMPLEMENTATIONS = YES;
				CLANG_WARN_DIRECT_OBJC_ISA_USAGE = YES_ERROR;
				CLANG_WARN_DOCUMENTATION_COMMENTS = YES;
				CLANG_WARN_EMPTY_BODY = YES;
				CLANG_WARN_ENUM_CONVERSION = YES;
				CLANG_WARN_INFINITE_RECURSION = YES;
				CLANG_WARN_INT_CONVERSION = YES;
				CLANG_WARN_NON_LITERAL_NULL_CONVERSION = YES;
				CLANG_WARN_OBJC_IMPLICIT_RETAIN_SELF = YES;
				CLANG_WARN_OBJC_LITERAL_CONVERSION = YES;
				CLANG_WARN_OBJC_ROOT_CLASS = YES_ERROR;
				CLANG_WARN_QUOTED_INCLUDE_IN_FRAMEWORK_HEADER = YES;
				CLANG_WARN_RANGE_LOOP_ANALYSIS = YES;
				CLANG_WARN_STRICT_PROTOTYPES = YES;
				CLANG_WARN_SUSPICIOUS_MOVE = YES;
				CLANG_WARN_UNGUARDED_AVAILABILITY = YES_AGGRESSIVE;
				CLANG_WARN_UNREACHABLE_CODE = YES;
				CLANG_WARN__DUPLICATE_METHOD_MATCH = YES;
				COPY_PHASE_STRIP = NO;
				DEBUG_INFORMATION_FORMAT = "dwarf-with-dsym";
				ENABLE_NS_ASSERTIONS = NO;
				ENABLE_STRICT_OBJC_MSGSEND = YES;
				GCC_C_LANGUAGE_STANDARD = gnu11;
				GCC_NO_COMMON_BLOCKS = YES;
				GCC_WARN_64_TO_32_BIT_CONVERSION = YES;
				GCC_WARN_ABOUT_RETURN_TYPE = YES_ERROR;
				GCC_WARN_UNDECLARED_SELECTOR = YES;
				GCC_WARN_UNINITIALIZED_AUTOS = YES_AGGRESSIVE;
				GCC_WARN_UNUSED_FUNCTION = YES;
				GCC_WARN_UNUSED_VARIABLE = YES;
				IPHONEOS_DEPLOYMENT_TARGET = 14.5;
				MTL_ENABLE_DEBUG_INFO = NO;
				MTL_FAST_MATH = YES;
				SDKROOT = iphoneos;
				SWIFT_COMPILATION_MODE = wholemodule;
				SWIFT_OPTIMIZATION_LEVEL = "-O";
				VALIDATE_PRODUCT = YES;
			};
			name = Release;
		};
		E98BBE9026F005A100A5B640 /* Debug */ = {
			isa = XCBuildConfiguration;
			buildSettings = {
				ASSETCATALOG_COMPILER_APPICON_NAME = AppIcon;
				ASSETCATALOG_COMPILER_GLOBAL_ACCENT_COLOR_NAME = AccentColor;
				CODE_SIGN_STYLE = Automatic;
				DEVELOPMENT_ASSET_PATHS = "\"Pokedex/Preview Content\"";
				DEVELOPMENT_TEAM = 467P9HLJ38;
				ENABLE_PREVIEWS = YES;
				INFOPLIST_FILE = Pokedex/Info.plist;
				LD_RUNPATH_SEARCH_PATHS = (
					"$(inherited)",
					"@executable_path/Frameworks",
				);
				PRODUCT_BUNDLE_IDENTIFIER = br.com.maximvs.Pokedex;
				PRODUCT_NAME = "$(TARGET_NAME)";
				SWIFT_VERSION = 5.0;
				TARGETED_DEVICE_FAMILY = "1,2";
			};
			name = Debug;
		};
		E98BBE9126F005A100A5B640 /* Release */ = {
			isa = XCBuildConfiguration;
			buildSettings = {
				ASSETCATALOG_COMPILER_APPICON_NAME = AppIcon;
				ASSETCATALOG_COMPILER_GLOBAL_ACCENT_COLOR_NAME = AccentColor;
				CODE_SIGN_STYLE = Automatic;
				DEVELOPMENT_ASSET_PATHS = "\"Pokedex/Preview Content\"";
				DEVELOPMENT_TEAM = 467P9HLJ38;
				ENABLE_PREVIEWS = YES;
				INFOPLIST_FILE = Pokedex/Info.plist;
				LD_RUNPATH_SEARCH_PATHS = (
					"$(inherited)",
					"@executable_path/Frameworks",
				);
				PRODUCT_BUNDLE_IDENTIFIER = br.com.maximvs.Pokedex;
				PRODUCT_NAME = "$(TARGET_NAME)";
				SWIFT_VERSION = 5.0;
				TARGETED_DEVICE_FAMILY = "1,2";
			};
			name = Release;
		};
		E98BBE9326F005A100A5B640 /* Debug */ = {
			isa = XCBuildConfiguration;
			buildSettings = {
				ALWAYS_EMBED_SWIFT_STANDARD_LIBRARIES = YES;
				BUNDLE_LOADER = "$(TEST_HOST)";
				CODE_SIGN_STYLE = Automatic;
				DEVELOPMENT_TEAM = 467P9HLJ38;
				INFOPLIST_FILE = PokedexTests/Info.plist;
				IPHONEOS_DEPLOYMENT_TARGET = 14.5;
				LD_RUNPATH_SEARCH_PATHS = (
					"$(inherited)",
					"@executable_path/Frameworks",
					"@loader_path/Frameworks",
				);
				PRODUCT_BUNDLE_IDENTIFIER = br.com.maximvs.PokedexTests;
				PRODUCT_NAME = "$(TARGET_NAME)";
				SWIFT_VERSION = 5.0;
				TARGETED_DEVICE_FAMILY = "1,2";
				TEST_HOST = "$(BUILT_PRODUCTS_DIR)/Pokedex.app/Pokedex";
			};
			name = Debug;
		};
		E98BBE9426F005A100A5B640 /* Release */ = {
			isa = XCBuildConfiguration;
			buildSettings = {
				ALWAYS_EMBED_SWIFT_STANDARD_LIBRARIES = YES;
				BUNDLE_LOADER = "$(TEST_HOST)";
				CODE_SIGN_STYLE = Automatic;
				DEVELOPMENT_TEAM = 467P9HLJ38;
				INFOPLIST_FILE = PokedexTests/Info.plist;
				IPHONEOS_DEPLOYMENT_TARGET = 14.5;
				LD_RUNPATH_SEARCH_PATHS = (
					"$(inherited)",
					"@executable_path/Frameworks",
					"@loader_path/Frameworks",
				);
				PRODUCT_BUNDLE_IDENTIFIER = br.com.maximvs.PokedexTests;
				PRODUCT_NAME = "$(TARGET_NAME)";
				SWIFT_VERSION = 5.0;
				TARGETED_DEVICE_FAMILY = "1,2";
				TEST_HOST = "$(BUILT_PRODUCTS_DIR)/Pokedex.app/Pokedex";
			};
			name = Release;
		};
		E98BBE9626F005A100A5B640 /* Debug */ = {
			isa = XCBuildConfiguration;
			buildSettings = {
				ALWAYS_EMBED_SWIFT_STANDARD_LIBRARIES = YES;
				CODE_SIGN_STYLE = Automatic;
				DEVELOPMENT_TEAM = 467P9HLJ38;
				INFOPLIST_FILE = PokedexUITests/Info.plist;
				LD_RUNPATH_SEARCH_PATHS = (
					"$(inherited)",
					"@executable_path/Frameworks",
					"@loader_path/Frameworks",
				);
				PRODUCT_BUNDLE_IDENTIFIER = br.com.maximvs.PokedexUITests;
				PRODUCT_NAME = "$(TARGET_NAME)";
				SWIFT_VERSION = 5.0;
				TARGETED_DEVICE_FAMILY = "1,2";
				TEST_TARGET_NAME = Pokedex;
			};
			name = Debug;
		};
		E98BBE9726F005A100A5B640 /* Release */ = {
			isa = XCBuildConfiguration;
			buildSettings = {
				ALWAYS_EMBED_SWIFT_STANDARD_LIBRARIES = YES;
				CODE_SIGN_STYLE = Automatic;
				DEVELOPMENT_TEAM = 467P9HLJ38;
				INFOPLIST_FILE = PokedexUITests/Info.plist;
				LD_RUNPATH_SEARCH_PATHS = (
					"$(inherited)",
					"@executable_path/Frameworks",
					"@loader_path/Frameworks",
				);
				PRODUCT_BUNDLE_IDENTIFIER = br.com.maximvs.PokedexUITests;
				PRODUCT_NAME = "$(TARGET_NAME)";
				SWIFT_VERSION = 5.0;
				TARGETED_DEVICE_FAMILY = "1,2";
				TEST_TARGET_NAME = Pokedex;
			};
			name = Release;
		};
/* End XCBuildConfiguration section */

/* Begin XCConfigurationList section */
		E98BBE6026F0059E00A5B640 /* Build configuration list for PBXProject "Pokedex" */ = {
			isa = XCConfigurationList;
			buildConfigurations = (
				E98BBE8D26F005A100A5B640 /* Debug */,
				E98BBE8E26F005A100A5B640 /* Release */,
			);
			defaultConfigurationIsVisible = 0;
			defaultConfigurationName = Release;
		};
		E98BBE8F26F005A100A5B640 /* Build configuration list for PBXNativeTarget "Pokedex" */ = {
			isa = XCConfigurationList;
			buildConfigurations = (
				E98BBE9026F005A100A5B640 /* Debug */,
				E98BBE9126F005A100A5B640 /* Release */,
			);
			defaultConfigurationIsVisible = 0;
			defaultConfigurationName = Release;
		};
		E98BBE9226F005A100A5B640 /* Build configuration list for PBXNativeTarget "PokedexTests" */ = {
			isa = XCConfigurationList;
			buildConfigurations = (
				E98BBE9326F005A100A5B640 /* Debug */,
				E98BBE9426F005A100A5B640 /* Release */,
			);
			defaultConfigurationIsVisible = 0;
			defaultConfigurationName = Release;
		};
		E98BBE9526F005A100A5B640 /* Build configuration list for PBXNativeTarget "PokedexUITests" */ = {
			isa = XCConfigurationList;
			buildConfigurations = (
				E98BBE9626F005A100A5B640 /* Debug */,
				E98BBE9726F005A100A5B640 /* Release */,
			);
			defaultConfigurationIsVisible = 0;
			defaultConfigurationName = Release;
		};
/* End XCConfigurationList section */
	};
	rootObject = E98BBE5D26F0059E00A5B640 /* Project object */;
}
